
Microsoft Visual Studio Solution File, Format Version 12.00
# Visual Studio Version 17
VisualStudioVersion = 17.0.31903.59
MinimumVisualStudioVersion = 10.0.40219.1
Project("{FAE04EC0-301F-11D3-BF4B-00C04F79EFBC}") = "SharPZ.Tests", "SharPZ.Tests.csproj", "{F09BF24D-E10E-4633-B804-DC03B39CC33A}"
EndProject
Project("{FAE04EC0-301F-11D3-BF4B-00C04F79EFBC}") = "SharPZ", "..\SharpZ\SharPZ.csproj", "{AB94C862-7750-4332-AC63-DF2733D1A464}"
EndProject
Global
	GlobalSection(SolutionConfigurationPlatforms) = preSolution
		Debug|Any CPU = Debug|Any CPU
		Release|Any CPU = Release|Any CPU
	EndGlobalSection
	GlobalSection(SolutionProperties) = preSolution
		HideSolutionNode = FALSE
	EndGlobalSection
	GlobalSection(ProjectConfigurationPlatforms) = postSolution
		{F09BF24D-E10E-4633-B804-DC03B39CC33A}.Debug|Any CPU.ActiveCfg = Debug|Any CPU
		{F09BF24D-E10E-4633-B804-DC03B39CC33A}.Debug|Any CPU.Build.0 = Debug|Any CPU
		{F09BF24D-E10E-4633-B804-DC03B39CC33A}.Release|Any CPU.ActiveCfg = Release|Any CPU
		{F09BF24D-E10E-4633-B804-DC03B39CC33A}.Release|Any CPU.Build.0 = Release|Any CPU
		{AB94C862-7750-4332-AC63-DF2733D1A464}.Debug|Any CPU.ActiveCfg = Debug|Any CPU
		{AB94C862-7750-4332-AC63-DF2733D1A464}.Debug|Any CPU.Build.0 = Debug|Any CPU
		{AB94C862-7750-4332-AC63-DF2733D1A464}.Release|Any CPU.ActiveCfg = Release|Any CPU
		{AB94C862-7750-4332-AC63-DF2733D1A464}.Release|Any CPU.Build.0 = Release|Any CPU
	EndGlobalSection
EndGlobal
